// !$*UTF8*$!
{
	archiveVersion = 1;
	classes = {
	};
	objectVersion = 46;
	objects = {

/* Begin PBXBuildFile section */
		BF6AF3D71E06F4F300F11BEC /* PlaySoundsViewController.swift in Sources */ = {isa = PBXBuildFile; fileRef = BF6AF3D61E06F4F300F11BEC /* PlaySoundsViewController.swift */; };
		BF6AF3D91E06F58C00F11BEC /* RecordSoundsViewController.swift in Sources */ = {isa = PBXBuildFile; fileRef = BF6AF3D81E06F58C00F11BEC /* RecordSoundsViewController.swift */; };
		BFED8BA21DFD7C1F00A084A9 /* AppDelegate.swift in Sources */ = {isa = PBXBuildFile; fileRef = BFED8BA11DFD7C1F00A084A9 /* AppDelegate.swift */; };
		BFED8BA71DFD7C1F00A084A9 /* Main.storyboard in Resources */ = {isa = PBXBuildFile; fileRef = BFED8BA51DFD7C1F00A084A9 /* Main.storyboard */; };
		BFED8BA91DFD7C1F00A084A9 /* Assets.xcassets in Resources */ = {isa = PBXBuildFile; fileRef = BFED8BA81DFD7C1F00A084A9 /* Assets.xcassets */; };
		BFED8BAC1DFD7C1F00A084A9 /* LaunchScreen.storyboard in Resources */ = {isa = PBXBuildFile; fileRef = BFED8BAA1DFD7C1F00A084A9 /* LaunchScreen.storyboard */; };
		BFED8BB71DFD7C1F00A084A9 /* Pitch_PerfectTests.swift in Sources */ = {isa = PBXBuildFile; fileRef = BFED8BB61DFD7C1F00A084A9 /* Pitch_PerfectTests.swift */; };
		BFED8BC21DFD7C1F00A084A9 /* Pitch_PerfectUITests.swift in Sources */ = {isa = PBXBuildFile; fileRef = BFED8BC11DFD7C1F00A084A9 /* Pitch_PerfectUITests.swift */; };
/* End PBXBuildFile section */

/* Begin PBXContainerItemProxy section */
		BFED8BB31DFD7C1F00A084A9 /* PBXContainerItemProxy */ = {
			isa = PBXContainerItemProxy;
			containerPortal = BFED8B961DFD7C1F00A084A9 /* Project object */;
			proxyType = 1;
			remoteGlobalIDString = BFED8B9D1DFD7C1F00A084A9;
			remoteInfo = "Pitch Perfect";
		};
		BFED8BBE1DFD7C1F00A084A9 /* PBXContainerItemProxy */ = {
			isa = PBXContainerItemProxy;
			containerPortal = BFED8B961DFD7C1F00A084A9 /* Project object */;
			proxyType = 1;
			remoteGlobalIDString = BFED8B9D1DFD7C1F00A084A9;
			remoteInfo = "Pitch Perfect";
		};
/* End PBXContainerItemProxy section */

/* Begin PBXFileReference section */
		BF6AF3D61E06F4F300F11BEC /* PlaySoundsViewController.swift */ = {isa = PBXFileReference; fileEncoding = 4; lastKnownFileType = sourcecode.swift; path = PlaySoundsViewController.swift; sourceTree = "<group>"; };
		BF6AF3D81E06F58C00F11BEC /* RecordSoundsViewController.swift */ = {isa = PBXFileReference; fileEncoding = 4; lastKnownFileType = sourcecode.swift; path = RecordSoundsViewController.swift; sourceTree = "<group>"; };
		BFED8B9E1DFD7C1F00A084A9 /* Pitch Perfect.app */ = {isa = PBXFileReference; explicitFileType = wrapper.application; includeInIndex = 0; path = "Pitch Perfect.app"; sourceTree = BUILT_PRODUCTS_DIR; };
		BFED8BA11DFD7C1F00A084A9 /* AppDelegate.swift */ = {isa = PBXFileReference; lastKnownFileType = sourcecode.swift; path = AppDelegate.swift; sourceTree = "<group>"; };
		BFED8BA61DFD7C1F00A084A9 /* Base */ = {isa = PBXFileReference; lastKnownFileType = file.storyboard; name = Base; path = Base.lproj/Main.storyboard; sourceTree = "<group>"; };
		BFED8BA81DFD7C1F00A084A9 /* Assets.xcassets */ = {isa = PBXFileReference; lastKnownFileType = folder.assetcatalog; path = Assets.xcassets; sourceTree = "<group>"; };
		BFED8BAB1DFD7C1F00A084A9 /* Base */ = {isa = PBXFileReference; lastKnownFileType = file.storyboard; name = Base; path = Base.lproj/LaunchScreen.storyboard; sourceTree = "<group>"; };
		BFED8BAD1DFD7C1F00A084A9 /* Info.plist */ = {isa = PBXFileReference; lastKnownFileType = text.plist.xml; path = Info.plist; sourceTree = "<group>"; };
		BFED8BB21DFD7C1F00A084A9 /* Pitch PerfectTests.xctest */ = {isa = PBXFileReference; explicitFileType = wrapper.cfbundle; includeInIndex = 0; path = "Pitch PerfectTests.xctest"; sourceTree = BUILT_PRODUCTS_DIR; };
		BFED8BB61DFD7C1F00A084A9 /* Pitch_PerfectTests.swift */ = {isa = PBXFileReference; lastKnownFileType = sourcecode.swift; path = Pitch_PerfectTests.swift; sourceTree = "<group>"; };
		BFED8BB81DFD7C1F00A084A9 /* Info.plist */ = {isa = PBXFileReference; lastKnownFileType = text.plist.xml; path = Info.plist; sourceTree = "<group>"; };
		BFED8BBD1DFD7C1F00A084A9 /* Pitch PerfectUITests.xctest */ = {isa = PBXFileReference; explicitFileType = wrapper.cfbundle; includeInIndex = 0; path = "Pitch PerfectUITests.xctest"; sourceTree = BUILT_PRODUCTS_DIR; };
		BFED8BC11DFD7C1F00A084A9 /* Pitch_PerfectUITests.swift */ = {isa = PBXFileReference; lastKnownFileType = sourcecode.swift; path = Pitch_PerfectUITests.swift; sourceTree = "<group>"; };
		BFED8BC31DFD7C1F00A084A9 /* Info.plist */ = {isa = PBXFileReference; lastKnownFileType = text.plist.xml; path = Info.plist; sourceTree = "<group>"; };
		BFED8BCF1DFDB99100A084A9 /* playsoundsviewcontroller-audio.swift */ = {isa = PBXFileReference; fileEncoding = 4; lastKnownFileType = sourcecode.swift; path = "playsoundsviewcontroller-audio.swift"; sourceTree = "<group>"; };
/* End PBXFileReference section */

/* Begin PBXFrameworksBuildPhase section */
		BFED8B9B1DFD7C1F00A084A9 /* Frameworks */ = {
			isa = PBXFrameworksBuildPhase;
			buildActionMask = 2147483647;
			files = (
			);
			runOnlyForDeploymentPostprocessing = 0;
		};
		BFED8BAF1DFD7C1F00A084A9 /* Frameworks */ = {
			isa = PBXFrameworksBuildPhase;
			buildActionMask = 2147483647;
			files = (
			);
			runOnlyForDeploymentPostprocessing = 0;
		};
		BFED8BBA1DFD7C1F00A084A9 /* Frameworks */ = {
			isa = PBXFrameworksBuildPhase;
			buildActionMask = 2147483647;
			files = (
			);
			runOnlyForDeploymentPostprocessing = 0;
		};
/* End PBXFrameworksBuildPhase section */

/* Begin PBXGroup section */
		BFED8B951DFD7C1F00A084A9 = {
			isa = PBXGroup;
			children = (
				BFED8BA01DFD7C1F00A084A9 /* Pitch Perfect */,
				BFED8BB51DFD7C1F00A084A9 /* Pitch PerfectTests */,
				BFED8BC01DFD7C1F00A084A9 /* Pitch PerfectUITests */,
				BFED8B9F1DFD7C1F00A084A9 /* Products */,
			);
			sourceTree = "<group>";
		};
		BFED8B9F1DFD7C1F00A084A9 /* Products */ = {
			isa = PBXGroup;
			children = (
				BFED8B9E1DFD7C1F00A084A9 /* Pitch Perfect.app */,
				BFED8BB21DFD7C1F00A084A9 /* Pitch PerfectTests.xctest */,
				BFED8BBD1DFD7C1F00A084A9 /* Pitch PerfectUITests.xctest */,
			);
			name = Products;
			sourceTree = "<group>";
		};
		BFED8BA01DFD7C1F00A084A9 /* Pitch Perfect */ = {
			isa = PBXGroup;
			children = (
				BFED8BA11DFD7C1F00A084A9 /* AppDelegate.swift */,
				BFED8BCF1DFDB99100A084A9 /* playsoundsviewcontroller-audio.swift */,
				BF6AF3D61E06F4F300F11BEC /* PlaySoundsViewController.swift */,
				BF6AF3D81E06F58C00F11BEC /* RecordSoundsViewController.swift */,
				BFED8BA51DFD7C1F00A084A9 /* Main.storyboard */,
				BFED8BA81DFD7C1F00A084A9 /* Assets.xcassets */,
				BFED8BAA1DFD7C1F00A084A9 /* LaunchScreen.storyboard */,
				BFED8BAD1DFD7C1F00A084A9 /* Info.plist */,
			);
			path = "Pitch Perfect";
			sourceTree = "<group>";
		};
		BFED8BB51DFD7C1F00A084A9 /* Pitch PerfectTests */ = {
			isa = PBXGroup;
			children = (
				BFED8BB61DFD7C1F00A084A9 /* Pitch_PerfectTests.swift */,
				BFED8BB81DFD7C1F00A084A9 /* Info.plist */,
			);
			path = "Pitch PerfectTests";
			sourceTree = "<group>";
		};
		BFED8BC01DFD7C1F00A084A9 /* Pitch PerfectUITests */ = {
			isa = PBXGroup;
			children = (
				BFED8BC11DFD7C1F00A084A9 /* Pitch_PerfectUITests.swift */,
				BFED8BC31DFD7C1F00A084A9 /* Info.plist */,
			);
			path = "Pitch PerfectUITests";
			sourceTree = "<group>";
		};
/* End PBXGroup section */

/* Begin PBXNativeTarget section */
		BFED8B9D1DFD7C1F00A084A9 /* Pitch Perfect */ = {
			isa = PBXNativeTarget;
			buildConfigurationList = BFED8BC61DFD7C1F00A084A9 /* Build configuration list for PBXNativeTarget "Pitch Perfect" */;
			buildPhases = (
				BFED8B9A1DFD7C1F00A084A9 /* Sources */,
				BFED8B9B1DFD7C1F00A084A9 /* Frameworks */,
				BFED8B9C1DFD7C1F00A084A9 /* Resources */,
			);
			buildRules = (
			);
			dependencies = (
			);
			name = "Pitch Perfect";
			productName = "Pitch Perfect";
			productReference = BFED8B9E1DFD7C1F00A084A9 /* Pitch Perfect.app */;
			productType = "com.apple.product-type.application";
		};
		BFED8BB11DFD7C1F00A084A9 /* Pitch PerfectTests */ = {
			isa = PBXNativeTarget;
			buildConfigurationList = BFED8BC91DFD7C1F00A084A9 /* Build configuration list for PBXNativeTarget "Pitch PerfectTests" */;
			buildPhases = (
				BFED8BAE1DFD7C1F00A084A9 /* Sources */,
				BFED8BAF1DFD7C1F00A084A9 /* Frameworks */,
				BFED8BB01DFD7C1F00A084A9 /* Resources */,
			);
			buildRules = (
			);
			dependencies = (
				BFED8BB41DFD7C1F00A084A9 /* PBXTargetDependency */,
			);
			name = "Pitch PerfectTests";
			productName = "Pitch PerfectTests";
			productReference = BFED8BB21DFD7C1F00A084A9 /* Pitch PerfectTests.xctest */;
			productType = "com.apple.product-type.bundle.unit-test";
		};
		BFED8BBC1DFD7C1F00A084A9 /* Pitch PerfectUITests */ = {
			isa = PBXNativeTarget;
			buildConfigurationList = BFED8BCC1DFD7C1F00A084A9 /* Build configuration list for PBXNativeTarget "Pitch PerfectUITests" */;
			buildPhases = (
				BFED8BB91DFD7C1F00A084A9 /* Sources */,
				BFED8BBA1DFD7C1F00A084A9 /* Frameworks */,
				BFED8BBB1DFD7C1F00A084A9 /* Resources */,
			);
			buildRules = (
			);
			dependencies = (
				BFED8BBF1DFD7C1F00A084A9 /* PBXTargetDependency */,
			);
			name = "Pitch PerfectUITests";
			productName = "Pitch PerfectUITests";
			productReference = BFED8BBD1DFD7C1F00A084A9 /* Pitch PerfectUITests.xctest */;
			productType = "com.apple.product-type.bundle.ui-testing";
		};
/* End PBXNativeTarget section */

/* Begin PBXProject section */
		BFED8B961DFD7C1F00A084A9 /* Project object */ = {
			isa = PBXProject;
			attributes = {
				LastSwiftUpdateCheck = 0810;
				LastUpgradeCheck = 0810;
				ORGANIZATIONNAME = Sujal;
				TargetAttributes = {
					BFED8B9D1DFD7C1F00A084A9 = {
						CreatedOnToolsVersion = 8.1;
						ProvisioningStyle = Automatic;
					};
					BFED8BB11DFD7C1F00A084A9 = {
						CreatedOnToolsVersion = 8.1;
						ProvisioningStyle = Automatic;
						TestTargetID = BFED8B9D1DFD7C1F00A084A9;
					};
					BFED8BBC1DFD7C1F00A084A9 = {
						CreatedOnToolsVersion = 8.1;
						ProvisioningStyle = Automatic;
						TestTargetID = BFED8B9D1DFD7C1F00A084A9;
					};
				};
			};
			buildConfigurationList = BFED8B991DFD7C1F00A084A9 /* Build configuration list for PBXProject "Pitch Perfect" */;
			compatibilityVersion = "Xcode 3.2";
			developmentRegion = English;
			hasScannedForEncodings = 0;
			knownRegions = (
				en,
				Base,
			);
			mainGroup = BFED8B951DFD7C1F00A084A9;
			productRefGroup = BFED8B9F1DFD7C1F00A084A9 /* Products */;
			projectDirPath = "";
			projectRoot = "";
			targets = (
				BFED8B9D1DFD7C1F00A084A9 /* Pitch Perfect */,
				BFED8BB11DFD7C1F00A084A9 /* Pitch PerfectTests */,
				BFED8BBC1DFD7C1F00A084A9 /* Pitch PerfectUITests */,
			);
		};
/* End PBXProject section */

/* Begin PBXResourcesBuildPhase section */
		BFED8B9C1DFD7C1F00A084A9 /* Resources */ = {
			isa = PBXResourcesBuildPhase;
			buildActionMask = 2147483647;
			files = (
				BFED8BAC1DFD7C1F00A084A9 /* LaunchScreen.storyboard in Resources */,
				BFED8BA91DFD7C1F00A084A9 /* Assets.xcassets in Resources */,
				BFED8BA71DFD7C1F00A084A9 /* Main.storyboard in Resources */,
			);
			runOnlyForDeploymentPostprocessing = 0;
		};
		BFED8BB01DFD7C1F00A084A9 /* Resources */ = {
			isa = PBXResourcesBuildPhase;
			buildActionMask = 2147483647;
			files = (
			);
			runOnlyForDeploymentPostprocessing = 0;
		};
		BFED8BBB1DFD7C1F00A084A9 /* Resources */ = {
			isa = PBXResourcesBuildPhase;
			buildActionMask = 2147483647;
			files = (
			);
			runOnlyForDeploymentPostprocessing = 0;
		};
/* End PBXResourcesBuildPhase section */

/* Begin PBXSourcesBuildPhase section */
		BFED8B9A1DFD7C1F00A084A9 /* Sources */ = {
			isa = PBXSourcesBuildPhase;
			buildActionMask = 2147483647;
			files = (
				BFED8BA21DFD7C1F00A084A9 /* AppDelegate.swift in Sources */,
				BF6AF3D71E06F4F300F11BEC /* PlaySoundsViewController.swift in Sources */,
				BF6AF3D91E06F58C00F11BEC /* RecordSoundsViewController.swift in Sources */,
			);
			runOnlyForDeploymentPostprocessing = 0;
		};
		BFED8BAE1DFD7C1F00A084A9 /* Sources */ = {
			isa = PBXSourcesBuildPhase;
			buildActionMask = 2147483647;
			files = (
				BFED8BB71DFD7C1F00A084A9 /* Pitch_PerfectTests.swift in Sources */,
			);
			runOnlyForDeploymentPostprocessing = 0;
		};
		BFED8BB91DFD7C1F00A084A9 /* Sources */ = {
			isa = PBXSourcesBuildPhase;
			buildActionMask = 2147483647;
			files = (
				BFED8BC21DFD7C1F00A084A9 /* Pitch_PerfectUITests.swift in Sources */,
			);
			runOnlyForDeploymentPostprocessing = 0;
		};
/* End PBXSourcesBuildPhase section */

/* Begin PBXTargetDependency section */
		BFED8BB41DFD7C1F00A084A9 /* PBXTargetDependency */ = {
			isa = PBXTargetDependency;
			target = BFED8B9D1DFD7C1F00A084A9 /* Pitch Perfect */;
			targetProxy = BFED8BB31DFD7C1F00A084A9 /* PBXContainerItemProxy */;
		};
		BFED8BBF1DFD7C1F00A084A9 /* PBXTargetDependency */ = {
			isa = PBXTargetDependency;
			target = BFED8B9D1DFD7C1F00A084A9 /* Pitch Perfect */;
			targetProxy = BFED8BBE1DFD7C1F00A084A9 /* PBXContainerItemProxy */;
		};
/* End PBXTargetDependency section */

/* Begin PBXVariantGroup section */
		BFED8BA51DFD7C1F00A084A9 /* Main.storyboard */ = {
			isa = PBXVariantGroup;
			children = (
				BFED8BA61DFD7C1F00A084A9 /* Base */,
			);
			name = Main.storyboard;
			sourceTree = "<group>";
		};
		BFED8BAA1DFD7C1F00A084A9 /* LaunchScreen.storyboard */ = {
			isa = PBXVariantGroup;
			children = (
				BFED8BAB1DFD7C1F00A084A9 /* Base */,
			);
			name = LaunchScreen.storyboard;
			sourceTree = "<group>";
		};
/* End PBXVariantGroup section */

/* Begin XCBuildConfiguration section */
		BFED8BC41DFD7C1F00A084A9 /* Debug */ = {
			isa = XCBuildConfiguration;
			buildSettings = {
				ALWAYS_SEARCH_USER_PATHS = NO;
				CLANG_ANALYZER_NONNULL = YES;
				CLANG_CXX_LANGUAGE_STANDARD = "gnu++0x";
				CLANG_CXX_LIBRARY = "libc++";
				CLANG_ENABLE_MODULES = YES;
				CLANG_ENABLE_OBJC_ARC = YES;
				CLANG_WARN_BOOL_CONVERSION = YES;
				CLANG_WARN_CONSTANT_CONVERSION = YES;
				CLANG_WARN_DIRECT_OBJC_ISA_USAGE = YES_ERROR;
				CLANG_WARN_DOCUMENTATION_COMMENTS = YES;
				CLANG_WARN_EMPTY_BODY = YES;
				CLANG_WARN_ENUM_CONVERSION = YES;
				CLANG_WARN_INFINITE_RECURSION = YES;
				CLANG_WARN_INT_CONVERSION = YES;
				CLANG_WARN_OBJC_ROOT_CLASS = YES_ERROR;
				CLANG_WARN_SUSPICIOUS_MOVES = YES;
				CLANG_WARN_UNREACHABLE_CODE = YES;
				CLANG_WARN__DUPLICATE_METHOD_MATCH = YES;
				"CODE_SIGN_IDENTITY[sdk=iphoneos*]" = "iPhone Developer";
				COPY_PHASE_STRIP = NO;
				DEBUG_INFORMATION_FORMAT = dwarf;
				ENABLE_STRICT_OBJC_MSGSEND = YES;
				ENABLE_TESTABILITY = YES;
				GCC_C_LANGUAGE_STANDARD = gnu99;
				GCC_DYNAMIC_NO_PIC = NO;
				GCC_NO_COMMON_BLOCKS = YES;
				GCC_OPTIMIZATION_LEVEL = 0;
				GCC_PREPROCESSOR_DEFINITIONS = (
					"DEBUG=1",
					"$(inherited)",
				);
				GCC_WARN_64_TO_32_BIT_CONVERSION = YES;
				GCC_WARN_ABOUT_RETURN_TYPE = YES_ERROR;
				GCC_WARN_UNDECLARED_SELECTOR = YES;
				GCC_WARN_UNINITIALIZED_AUTOS = YES_AGGRESSIVE;
				GCC_WARN_UNUSED_FUNCTION = YES;
				GCC_WARN_UNUSED_VARIABLE = YES;
				IPHONEOS_DEPLOYMENT_TARGET = 10.1;
				MTL_ENABLE_DEBUG_INFO = YES;
				ONLY_ACTIVE_ARCH = YES;
				SDKROOT = iphoneos;
				SWIFT_ACTIVE_COMPILATION_CONDITIONS = DEBUG;
				SWIFT_OPTIMIZATION_LEVEL = "-Onone";
				TARGETED_DEVICE_FAMILY = "1,2";
			};
			name = Debug;
		};
		BFED8BC51DFD7C1F00A084A9 /* Release */ = {
			isa = XCBuildConfiguration;
			buildSettings = {
				ALWAYS_SEARCH_USER_PATHS = NO;
				CLANG_ANALYZER_NONNULL = YES;
				CLANG_CXX_LANGUAGE_STANDARD = "gnu++0x";
				CLANG_CXX_LIBRARY = "libc++";
				CLANG_ENABLE_MODULES = YES;
				CLANG_ENABLE_OBJC_ARC = YES;
				CLANG_WARN_BOOL_CONVERSION = YES;
				CLANG_WARN_CONSTANT_CONVERSION = YES;
				CLANG_WARN_DIRECT_OBJC_ISA_USAGE = YES_ERROR;
				CLANG_WARN_DOCUMENTATION_COMMENTS = YES;
				CLANG_WARN_EMPTY_BODY = YES;
				CLANG_WARN_ENUM_CONVERSION = YES;
				CLANG_WARN_INFINITE_RECURSION = YES;
				CLANG_WARN_INT_CONVERSION = YES;
				CLANG_WARN_OBJC_ROOT_CLASS = YES_ERROR;
				CLANG_WARN_SUSPICIOUS_MOVES = YES;
				CLANG_WARN_UNREACHABLE_CODE = YES;
				CLANG_WARN__DUPLICATE_METHOD_MATCH = YES;
				"CODE_SIGN_IDENTITY[sdk=iphoneos*]" = "iPhone Developer";
				COPY_PHASE_STRIP = NO;
				DEBUG_INFORMATION_FORMAT = "dwarf-with-dsym";
				ENABLE_NS_ASSERTIONS = NO;
				ENABLE_STRICT_OBJC_MSGSEND = YES;
				GCC_C_LANGUAGE_STANDARD = gnu99;
				GCC_NO_COMMON_BLOCKS = YES;
				GCC_WARN_64_TO_32_BIT_CONVERSION = YES;
				GCC_WARN_ABOUT_RETURN_TYPE = YES_ERROR;
				GCC_WARN_UNDECLARED_SELECTOR = YES;
				GCC_WARN_UNINITIALIZED_AUTOS = YES_AGGRESSIVE;
				GCC_WARN_UNUSED_FUNCTION = YES;
				GCC_WARN_UNUSED_VARIABLE = YES;
				IPHONEOS_DEPLOYMENT_TARGET = 10.1;
				MTL_ENABLE_DEBUG_INFO = NO;
				SDKROOT = iphoneos;
				SWIFT_OPTIMIZATION_LEVEL = "-Owholemodule";
				TARGETED_DEVICE_FAMILY = "1,2";
				VALIDATE_PRODUCT = YES;
			};
			name = Release;
		};
		BFED8BC71DFD7C1F00A084A9 /* Debug */ = {
			isa = XCBuildConfiguration;
			buildSettings = {
				ASSETCATALOG_COMPILER_APPICON_NAME = AppIcon;
				INFOPLIST_FILE = "Pitch Perfect/Info.plist";
				LD_RUNPATH_SEARCH_PATHS = "$(inherited) @executable_path/Frameworks";
				PRODUCT_BUNDLE_IDENTIFIER = "SG.Pitch-Perfect";
				PRODUCT_NAME = "$(TARGET_NAME)";
				SWIFT_VERSION = 3.0;
			};
			name = Debug;
		};
		BFED8BC81DFD7C1F00A084A9 /* Release */ = {
			isa = XCBuildConfiguration;
			buildSettings = {
				ASSETCATALOG_COMPILER_APPICON_NAME = AppIcon;
				INFOPLIST_FILE = "Pitch Perfect/Info.plist";
				LD_RUNPATH_SEARCH_PATHS = "$(inherited) @executable_path/Frameworks";
				PRODUCT_BUNDLE_IDENTIFIER = "SG.Pitch-Perfect";
				PRODUCT_NAME = "$(TARGET_NAME)";
				SWIFT_VERSION = 3.0;
			};
			name = Release;
		};
		BFED8BCA1DFD7C1F00A084A9 /* Debug */ = {
			isa = XCBuildConfiguration;
			buildSettings = {
				ALWAYS_EMBED_SWIFT_STANDARD_LIBRARIES = YES;
				BUNDLE_LOADER = "$(TEST_HOST)";
				INFOPLIST_FILE = "Pitch PerfectTests/Info.plist";
				LD_RUNPATH_SEARCH_PATHS = "$(inherited) @executable_path/Frameworks @loader_path/Frameworks";
				PRODUCT_BUNDLE_IDENTIFIER = "SG.Pitch-PerfectTests";
				PRODUCT_NAME = "$(TARGET_NAME)";
				SWIFT_VERSION = 3.0;
				TEST_HOST = "$(BUILT_PRODUCTS_DIR)/Pitch Perfect.app/Pitch Perfect";
			};
			name = Debug;
		};
		BFED8BCB1DFD7C1F00A084A9 /* Release */ = {
			isa = XCBuildConfiguration;
			buildSettings = {
				ALWAYS_EMBED_SWIFT_STANDARD_LIBRARIES = YES;
				BUNDLE_LOADER = "$(TEST_HOST)";
				INFOPLIST_FILE = "Pitch PerfectTests/Info.plist";
				LD_RUNPATH_SEARCH_PATHS = "$(inherited) @executable_path/Frameworks @loader_path/Frameworks";
				PRODUCT_BUNDLE_IDENTIFIER = "SG.Pitch-PerfectTests";
				PRODUCT_NAME = "$(TARGET_NAME)";
				SWIFT_VERSION = 3.0;
				TEST_HOST = "$(BUILT_PRODUCTS_DIR)/Pitch Perfect.app/Pitch Perfect";
			};
			name = Release;
		};
		BFED8BCD1DFD7C1F00A084A9 /* Debug */ = {
			isa = XCBuildConfiguration;
			buildSettings = {
				ALWAYS_EMBED_SWIFT_STANDARD_LIBRARIES = YES;
				INFOPLIST_FILE = "Pitch PerfectUITests/Info.plist";
				LD_RUNPATH_SEARCH_PATHS = "$(inherited) @executable_path/Frameworks @loader_path/Frameworks";
				PRODUCT_BUNDLE_IDENTIFIER = "SG.Pitch-PerfectUITests";
				PRODUCT_NAME = "$(TARGET_NAME)";
				SWIFT_VERSION = 3.0;
				TEST_TARGET_NAME = "Pitch Perfect";
			};
			name = Debug;
		};
		BFED8BCE1DFD7C1F00A084A9 /* Release */ = {
			isa = XCBuildConfiguration;
			buildSettings = {
				ALWAYS_EMBED_SWIFT_STANDARD_LIBRARIES = YES;
				INFOPLIST_FILE = "Pitch PerfectUITests/Info.plist";
				LD_RUNPATH_SEARCH_PATHS = "$(inherited) @executable_path/Frameworks @loader_path/Frameworks";
				PRODUCT_BUNDLE_IDENTIFIER = "SG.Pitch-PerfectUITests";
				PRODUCT_NAME = "$(TARGET_NAME)";
				SWIFT_VERSION = 3.0;
				TEST_TARGET_NAME = "Pitch Perfect";
			};
			name = Release;
		};
/* End XCBuildConfiguration section */

/* Begin XCConfigurationList section */
		BFED8B991DFD7C1F00A084A9 /* Build configuration list for PBXProject "Pitch Perfect" */ = {
			isa = XCConfigurationList;
			buildConfigurations = (
				BFED8BC41DFD7C1F00A084A9 /* Debug */,
				BFED8BC51DFD7C1F00A084A9 /* Release */,
			);
			defaultConfigurationIsVisible = 0;
			defaultConfigurationName = Release;
		};
		BFED8BC61DFD7C1F00A084A9 /* Build configuration list for PBXNativeTarget "Pitch Perfect" */ = {
			isa = XCConfigurationList;
			buildConfigurations = (
				BFED8BC71DFD7C1F00A084A9 /* Debug */,
				BFED8BC81DFD7C1F00A084A9 /* Release */,
			);
			defaultConfigurationIsVisible = 0;
			defaultConfigurationName = Release;
		};
		BFED8BC91DFD7C1F00A084A9 /* Build configuration list for PBXNativeTarget "Pitch PerfectTests" */ = {
			isa = XCConfigurationList;
			buildConfigurations = (
				BFED8BCA1DFD7C1F00A084A9 /* Debug */,
				BFED8BCB1DFD7C1F00A084A9 /* Release */,
			);
			defaultConfigurationIsVisible = 0;
			defaultConfigurationName = Release;
		};
		BFED8BCC1DFD7C1F00A084A9 /* Build configuration list for PBXNativeTarget "Pitch PerfectUITests" */ = {
			isa = XCConfigurationList;
			buildConfigurations = (
				BFED8BCD1DFD7C1F00A084A9 /* Debug */,
				BFED8BCE1DFD7C1F00A084A9 /* Release */,
			);
			defaultConfigurationIsVisible = 0;
			defaultConfigurationName = Release;
		};
/* End XCConfigurationList section */
	};
	rootObject = BFED8B961DFD7C1F00A084A9 /* Project object */;
}
